
Microsoft Visual Studio Solution File, Format Version 12.00
# Visual Studio Version 17
VisualStudioVersion = 17.11.35219.272
MinimumVisualStudioVersion = 10.0.40219.1
Project("{FAE04EC0-301F-11D3-BF4B-00C04F79EFBC}") = "TicTacToe", "TicTacToe.csproj", "{4CAB23C9-B6E8-481E-B9F8-9AD16E2E6481}"
EndProject
Global
	GlobalSection(SolutionConfigurationPlatforms) = preSolution
		Debug|Any CPU = Debug|Any CPU
		Release|Any CPU = Release|Any CPU
	EndGlobalSection
	GlobalSection(ProjectConfigurationPlatforms) = postSolution
		{4CAB23C9-B6E8-481E-B9F8-9AD16E2E6481}.Debug|Any CPU.ActiveCfg = Debug|Any CPU
		{4CAB23C9-B6E8-481E-B9F8-9AD16E2E6481}.Debug|Any CPU.Build.0 = Debug|Any CPU
		{4CAB23C9-B6E8-481E-B9F8-9AD16E2E6481}.Release|Any CPU.ActiveCfg = Release|Any CPU
		{4CAB23C9-B6E8-481E-B9F8-9AD16E2E6481}.Release|Any CPU.Build.0 = Release|Any CPU
	EndGlobalSection
	GlobalSection(SolutionProperties) = preSolution
		HideSolutionNode = FALSE
	EndGlobalSection
	GlobalSection(ExtensibilityGlobals) = postSolution
		SolutionGuid = {8C6E78BC-6259-45C3-82D7-31DB9168E30B}
	EndGlobalSection
EndGlobal
